
Microsoft Visual Studio Solution File, Format Version 12.00
# Visual Studio Version 17
VisualStudioVersion = 17.7.34221.43
MinimumVisualStudioVersion = 10.0.40219.1
Project("{9A19103F-16F7-4668-BE54-9A1E7A4F7556}") = "KarIOCaptureDevice", "KarIOCaptureDevice.csproj", "{11E8A9B3-7DAC-4D43-B33E-9DF9E59EB5ED}"
EndProject
Global
	GlobalSection(SolutionConfigurationPlatforms) = preSolution
		Debug|Any CPU = Debug|Any CPU
		Release|Any CPU = Release|Any CPU
	EndGlobalSection
	GlobalSection(ProjectConfigurationPlatforms) = postSolution
		{11E8A9B3-7DAC-4D43-B33E-9DF9E59EB5ED}.Debug|Any CPU.ActiveCfg = Debug|Any CPU
		{11E8A9B3-7DAC-4D43-B33E-9DF9E59EB5ED}.Debug|Any CPU.Build.0 = Debug|Any CPU
		{11E8A9B3-7DAC-4D43-B33E-9DF9E59EB5ED}.Release|Any CPU.ActiveCfg = Release|Any CPU
		{11E8A9B3-7DAC-4D43-B33E-9DF9E59EB5ED}.Release|Any CPU.Build.0 = Release|Any CPU
	EndGlobalSection
	GlobalSection(SolutionProperties) = preSolution
		HideSolutionNode = FALSE
	EndGlobalSection
	GlobalSection(ExtensibilityGlobals) = postSolution
		SolutionGuid = {8288300C-61FA-4166-A3FA-1FDF95B15360}
	EndGlobalSection
EndGlobal
